github.com/grd/ogg v0.0.0-20130623210630-0dae53159b70 h1:BbrcLhyNM9P1UAZnPBomiAvDv7WEIJy+sfrJItfSUL8=
github.com/grd/ogg v0.0.0-20130623210630-0dae53159b70/go.mod h1:K8T3jGUZQeKP7y1e801QDZAB53F6Lpt+NgnwAZTxwrg=
gopkg.in/hraban/opus.v2 v2.0.0-20201025103112-d779bb1cc5a2 h1:sxrRNhZ+cNxxLwPw/vV8gNsz+bbqRQiZHBYBJfpyNoQ=
gopkg.in/hraban/opus.v2 v2.0.0-20201025103112-d779bb1cc5a2/go.mod h1:/L5E7a21VWl8DeuCPKxQBdVG5cy+L0MRZ08B1wnqt7g=
